# THIS IS AN AUTOGENERATED FILE. DO NOT EDIT THIS FILE DIRECTLY.
# yarn lockfile v1


"@dbforall/cli@1.0.0", "@dbforall/cli@file:D:\\shogun-2\\dbforall\\packages\\cli":
  version "1.0.0"
  resolved "file:packages/cli"
  dependencies:
    "@dbforall/core" "1.0.0"

"@dbforall/core@1.0.0", "@dbforall/core@file:D:\\shogun-2\\dbforall\\packages\\core":
  version "1.0.0"
  resolved "file:packages/core"

"@dbforall/web@file:D:\\shogun-2\\dbforall\\packages\\web":
  version "1.0.0"
  resolved "file:packages/web"
  dependencies:
    "@dbforall/cli" "1.0.0"
    "@dbforall/core" "1.0.0"

"@types/node@^22.10.0":
  version "22.20.1"
  resolved "https://registry.npmjs.org/@types/node/-/node-22.20.1.tgz"
  integrity sha512-EANqOCF9QFyra+4pfxUcX9STKJpCLjMbObVzljIJomAWSnuSIEAvyzEU53GaajbXJEgdh0iEcPL+DGvpUd4k1Q==
  dependencies:
    undici-types "~6.21.0"

typescript@^5.7.3:
  version "5.9.3"
  resolved "https://registry.npmjs.org/typescript/-/typescript-5.9.3.tgz"
  integrity sha512-jl1vZzPDinLr9eUt3J/t7V6FgNEw9QjvBPdysz9KfQDD41fQrC2Y4vKQdiaUpFT4bXlb1RHhLpp8wtm6M5TgSw==

undici-types@~6.21.0:
  version "6.21.0"
  resolved "https://registry.npmjs.org/undici-types/-/undici-types-6.21.0.tgz"
  integrity sha512-iwDZqg0QAGrg9Rav5H4n0M64c3mkR59cJ6wQp+7C4nI0gsmExaedaYLNO44eT4AtBBwjbTiGPMlt2Md0T9H9JQ==
